%{"floki": {:hex, :floki, "0.8.0", "3ee6f8358e9f820d80f8211558458364cd137d1a7b362eb1d1989120dc288fa9", [:mix], [{:mochiweb_html, "~> 2.13", [hex: :mochiweb_html, optional: false]}]},
  "mochiweb_html": {:hex, :mochiweb_html, "2.13.0", "795b100f757681939e2c52ab042e773af6e5602f04f4e2ea19baea832b541c08", [:rebar3], []},
  "ratchet": {:hex, :ratchet, "0.0.4", "08e7b059719e3bc5890f9cd3f2c2efcd17c493d4ddac65797c33e8e537c531ed", [:mix], [{:floki, "~> 0.8", [hex: :floki, optional: false]}]}}
